
Microsoft Visual Studio Solution File, Format Version 12.00
# Visual Studio 2012
Project("{FAE04EC0-301F-11D3-BF4B-00C04F79EFBC}") = "mySARE", "mySARE\mySARE.csproj", "{1BEF2A71-5B3C-4298-9F80-1C5A1F441E57}"
EndProject
Project("{2150E333-8FDC-42A3-9474-1A3956D46DE8}") = "daikonFile", "daikonFile", "{4EB65242-5181-40E5-8822-48B015FED07A}"
EndProject
Project("{2150E333-8FDC-42A3-9474-1A3956D46DE8}") = "daikonGrants", "daikonGrants", "{0C1DDFF1-C797-4B2C-BF52-25DB11C05D02}"
EndProject
Project("{2150E333-8FDC-42A3-9474-1A3956D46DE8}") = "daikonPDP", "daikonPDP", "{D0D842D2-6709-407B-8851-46D72892FCEB}"
EndProject
Project("{2150E333-8FDC-42A3-9474-1A3956D46DE8}") = "daikonProdInfo", "daikonProdInfo", "{C2076C20-1F4A-4D03-8BD4-F4925CADC8F7}"
EndProject
Project("{2150E333-8FDC-42A3-9474-1A3956D46DE8}") = "daikonProfile", "daikonProfile", "{DB534B42-DA9A-4645-BD5C-6AD263E38725}"
EndProject
Project("{2150E333-8FDC-42A3-9474-1A3956D46DE8}") = "daikonUser", "daikonUser", "{AF7844C9-9EC8-4819-A714-006173243103}"
EndProject
Project("{FAE04EC0-301F-11D3-BF4B-00C04F79EFBC}") = "daikonFile", "daikonFile\daikonFile.csproj", "{9D688648-A397-49FA-BDAE-27EB31C47F98}"
EndProject
Project("{F184B08F-C81C-45F6-A57F-5ABD9991F28F}") = "daikonGrants", "daikonGrants\daikonGrants.vbproj", "{26698256-307B-4A71-B94C-77FD8E70870C}"
EndProject
Project("{FAE04EC0-301F-11D3-BF4B-00C04F79EFBC}") = "daikonPDP", "daikonPDP\daikonPDP.csproj", "{73B30E10-FEBA-4E5C-B286-6B1E17629C63}"
EndProject
Project("{FAE04EC0-301F-11D3-BF4B-00C04F79EFBC}") = "daikonProdInfo", "daikonProdInfo\daikonProdInfo.csproj", "{1A159211-CD0D-48F3-8DF9-3921EC5C5C90}"
EndProject
Project("{FAE04EC0-301F-11D3-BF4B-00C04F79EFBC}") = "daikonProfile", "daikonProfile\daikonProfile.csproj", "{E2C34096-127D-4FE9-A522-3726596409AB}"
EndProject
Project("{FAE04EC0-301F-11D3-BF4B-00C04F79EFBC}") = "daikonUser", "daikonUser\daikonUser.csproj", "{5E5955B1-B754-4773-9DA2-7870C097A123}"
EndProject
Project("{2150E333-8FDC-42A3-9474-1A3956D46DE8}") = "Solution Items", "Solution Items", "{537AE942-2AEB-45E6-AB71-CF6FB090B08F}"
EndProject
Project("{FAE04EC0-301F-11D3-BF4B-00C04F79EFBC}") = "UrlQuery", "UrlQuery\UrlQuery.csproj", "{2DD034CC-B5EF-42D1-84A3-4EBA6E5E34CB}"
EndProject
Global
	GlobalSection(SolutionConfigurationPlatforms) = preSolution
		Debug|Any CPU = Debug|Any CPU
		Release|Any CPU = Release|Any CPU
	EndGlobalSection
	GlobalSection(ProjectConfigurationPlatforms) = postSolution
		{1BEF2A71-5B3C-4298-9F80-1C5A1F441E57}.Debug|Any CPU.ActiveCfg = Debug|Any CPU
		{1BEF2A71-5B3C-4298-9F80-1C5A1F441E57}.Debug|Any CPU.Build.0 = Debug|Any CPU
		{1BEF2A71-5B3C-4298-9F80-1C5A1F441E57}.Release|Any CPU.ActiveCfg = Release|Any CPU
		{1BEF2A71-5B3C-4298-9F80-1C5A1F441E57}.Release|Any CPU.Build.0 = Release|Any CPU
		{9D688648-A397-49FA-BDAE-27EB31C47F98}.Debug|Any CPU.ActiveCfg = Debug|Any CPU
		{9D688648-A397-49FA-BDAE-27EB31C47F98}.Debug|Any CPU.Build.0 = Debug|Any CPU
		{9D688648-A397-49FA-BDAE-27EB31C47F98}.Release|Any CPU.ActiveCfg = Release|Any CPU
		{9D688648-A397-49FA-BDAE-27EB31C47F98}.Release|Any CPU.Build.0 = Release|Any CPU
		{26698256-307B-4A71-B94C-77FD8E70870C}.Debug|Any CPU.ActiveCfg = Debug|Any CPU
		{26698256-307B-4A71-B94C-77FD8E70870C}.Debug|Any CPU.Build.0 = Debug|Any CPU
		{26698256-307B-4A71-B94C-77FD8E70870C}.Release|Any CPU.ActiveCfg = Release|Any CPU
		{26698256-307B-4A71-B94C-77FD8E70870C}.Release|Any CPU.Build.0 = Release|Any CPU
		{73B30E10-FEBA-4E5C-B286-6B1E17629C63}.Debug|Any CPU.ActiveCfg = Debug|Any CPU
		{73B30E10-FEBA-4E5C-B286-6B1E17629C63}.Debug|Any CPU.Build.0 = Debug|Any CPU
		{73B30E10-FEBA-4E5C-B286-6B1E17629C63}.Release|Any CPU.ActiveCfg = Release|Any CPU
		{73B30E10-FEBA-4E5C-B286-6B1E17629C63}.Release|Any CPU.Build.0 = Release|Any CPU
		{1A159211-CD0D-48F3-8DF9-3921EC5C5C90}.Debug|Any CPU.ActiveCfg = Debug|Any CPU
		{1A159211-CD0D-48F3-8DF9-3921EC5C5C90}.Debug|Any CPU.Build.0 = Debug|Any CPU
		{1A159211-CD0D-48F3-8DF9-3921EC5C5C90}.Release|Any CPU.ActiveCfg = Release|Any CPU
		{1A159211-CD0D-48F3-8DF9-3921EC5C5C90}.Release|Any CPU.Build.0 = Release|Any CPU
		{E2C34096-127D-4FE9-A522-3726596409AB}.Debug|Any CPU.ActiveCfg = Debug|Any CPU
		{E2C34096-127D-4FE9-A522-3726596409AB}.Debug|Any CPU.Build.0 = Debug|Any CPU
		{E2C34096-127D-4FE9-A522-3726596409AB}.Release|Any CPU.ActiveCfg = Release|Any CPU
		{E2C34096-127D-4FE9-A522-3726596409AB}.Release|Any CPU.Build.0 = Release|Any CPU
		{5E5955B1-B754-4773-9DA2-7870C097A123}.Debug|Any CPU.ActiveCfg = Debug|Any CPU
		{5E5955B1-B754-4773-9DA2-7870C097A123}.Debug|Any CPU.Build.0 = Debug|Any CPU
		{5E5955B1-B754-4773-9DA2-7870C097A123}.Release|Any CPU.ActiveCfg = Release|Any CPU
		{5E5955B1-B754-4773-9DA2-7870C097A123}.Release|Any CPU.Build.0 = Release|Any CPU
		{2DD034CC-B5EF-42D1-84A3-4EBA6E5E34CB}.Debug|Any CPU.ActiveCfg = Debug|Any CPU
		{2DD034CC-B5EF-42D1-84A3-4EBA6E5E34CB}.Debug|Any CPU.Build.0 = Debug|Any CPU
		{2DD034CC-B5EF-42D1-84A3-4EBA6E5E34CB}.Release|Any CPU.ActiveCfg = Release|Any CPU
		{2DD034CC-B5EF-42D1-84A3-4EBA6E5E34CB}.Release|Any CPU.Build.0 = Release|Any CPU
	EndGlobalSection
	GlobalSection(SolutionProperties) = preSolution
		HideSolutionNode = FALSE
	EndGlobalSection
	GlobalSection(NestedProjects) = preSolution
		{9D688648-A397-49FA-BDAE-27EB31C47F98} = {4EB65242-5181-40E5-8822-48B015FED07A}
		{26698256-307B-4A71-B94C-77FD8E70870C} = {0C1DDFF1-C797-4B2C-BF52-25DB11C05D02}
		{73B30E10-FEBA-4E5C-B286-6B1E17629C63} = {D0D842D2-6709-407B-8851-46D72892FCEB}
		{1A159211-CD0D-48F3-8DF9-3921EC5C5C90} = {C2076C20-1F4A-4D03-8BD4-F4925CADC8F7}
		{E2C34096-127D-4FE9-A522-3726596409AB} = {DB534B42-DA9A-4645-BD5C-6AD263E38725}
		{5E5955B1-B754-4773-9DA2-7870C097A123} = {AF7844C9-9EC8-4819-A714-006173243103}
	EndGlobalSection
EndGlobal
